
Microsoft Visual Studio Solution File, Format Version 12.00
# Visual Studio Version 17
VisualStudioVersion = 17.14.36623.8 d17.14
MinimumVisualStudioVersion = 10.0.40219.1
Project("{FAE04EC0-301F-11D3-BF4B-00C04F79EFBC}") = "ThingsDoneImmediately", "ThingsDoneImmediately.csproj", "{058DC618-0373-4B94-9865-1546A4E91AD4}"
EndProject
Global
	GlobalSection(SolutionConfigurationPlatforms) = preSolution
		Debug|Any CPU = Debug|Any CPU
		Release|Any CPU = Release|Any CPU
	EndGlobalSection
	GlobalSection(ProjectConfigurationPlatforms) = postSolution
		{058DC618-0373-4B94-9865-1546A4E91AD4}.Debug|Any CPU.ActiveCfg = Debug|Any CPU
		{058DC618-0373-4B94-9865-1546A4E91AD4}.Debug|Any CPU.Build.0 = Debug|Any CPU
		{058DC618-0373-4B94-9865-1546A4E91AD4}.Release|Any CPU.ActiveCfg = Release|Any CPU
		{058DC618-0373-4B94-9865-1546A4E91AD4}.Release|Any CPU.Build.0 = Release|Any CPU
	EndGlobalSection
	GlobalSection(SolutionProperties) = preSolution
		HideSolutionNode = FALSE
	EndGlobalSection
	GlobalSection(ExtensibilityGlobals) = postSolution
		SolutionGuid = {B601C2EA-887D-4EB6-8323-7F254653B72B}
	EndGlobalSection
EndGlobal
